
Microsoft Visual Studio Solution File, Format Version 12.00
# Visual Studio Version 17
VisualStudioVersion = 17.7.34018.315
MinimumVisualStudioVersion = 10.0.40219.1
Project("{FAE04EC0-301F-11D3-BF4B-00C04F79EFBC}") = "Gjettespel", "Gjettespel\Gjettespel.csproj", "{D7DC25FD-5DEC-464B-8C42-29B95E00B2FB}"
EndProject
Global
	GlobalSection(SolutionConfigurationPlatforms) = preSolution
		Debug|Any CPU = Debug|Any CPU
		Release|Any CPU = Release|Any CPU
	EndGlobalSection
	GlobalSection(ProjectConfigurationPlatforms) = postSolution
		{D7DC25FD-5DEC-464B-8C42-29B95E00B2FB}.Debug|Any CPU.ActiveCfg = Debug|Any CPU
		{D7DC25FD-5DEC-464B-8C42-29B95E00B2FB}.Debug|Any CPU.Build.0 = Debug|Any CPU
		{D7DC25FD-5DEC-464B-8C42-29B95E00B2FB}.Release|Any CPU.ActiveCfg = Release|Any CPU
		{D7DC25FD-5DEC-464B-8C42-29B95E00B2FB}.Release|Any CPU.Build.0 = Release|Any CPU
	EndGlobalSection
	GlobalSection(SolutionProperties) = preSolution
		HideSolutionNode = FALSE
	EndGlobalSection
	GlobalSection(ExtensibilityGlobals) = postSolution
		SolutionGuid = {4D9C38AD-D7D8-4EF8-B2D3-AF3BC16E97EF}
	EndGlobalSection
EndGlobal
