
Microsoft Visual Studio Solution File, Format Version 12.00
# Visual Studio Version 17
VisualStudioVersion = 17.7.34018.315
MinimumVisualStudioVersion = 10.0.40219.1
Project("{FAE04EC0-301F-11D3-BF4B-00C04F79EFBC}") = "Cunnylator", "Cunnylator\Cunnylator.csproj", "{E6FCDC8D-D5E2-4EC4-B8EC-A68D8EB34DC6}"
EndProject
Global
	GlobalSection(SolutionConfigurationPlatforms) = preSolution
		Debug|Any CPU = Debug|Any CPU
		Release|Any CPU = Release|Any CPU
	EndGlobalSection
	GlobalSection(ProjectConfigurationPlatforms) = postSolution
		{E6FCDC8D-D5E2-4EC4-B8EC-A68D8EB34DC6}.Debug|Any CPU.ActiveCfg = Debug|Any CPU
		{E6FCDC8D-D5E2-4EC4-B8EC-A68D8EB34DC6}.Debug|Any CPU.Build.0 = Debug|Any CPU
		{E6FCDC8D-D5E2-4EC4-B8EC-A68D8EB34DC6}.Release|Any CPU.ActiveCfg = Release|Any CPU
		{E6FCDC8D-D5E2-4EC4-B8EC-A68D8EB34DC6}.Release|Any CPU.Build.0 = Release|Any CPU
	EndGlobalSection
	GlobalSection(SolutionProperties) = preSolution
		HideSolutionNode = FALSE
	EndGlobalSection
	GlobalSection(ExtensibilityGlobals) = postSolution
		SolutionGuid = {3482C8F4-1C31-4B58-9304-FB58F02F7A65}
	EndGlobalSection
EndGlobal
