
Microsoft Visual Studio Solution File, Format Version 12.00
# Visual Studio Version 17
VisualStudioVersion = 17.7.34018.315
MinimumVisualStudioVersion = 10.0.40219.1
Project("{FAE04EC0-301F-11D3-BF4B-00C04F79EFBC}") = "CunnyGrouping", "CunnyGrouping\CunnyGrouping.csproj", "{AD1862F4-7152-4EC0-916C-8BC65BE4E918}"
EndProject
Global
	GlobalSection(SolutionConfigurationPlatforms) = preSolution
		Debug|Any CPU = Debug|Any CPU
		Release|Any CPU = Release|Any CPU
	EndGlobalSection
	GlobalSection(ProjectConfigurationPlatforms) = postSolution
		{AD1862F4-7152-4EC0-916C-8BC65BE4E918}.Debug|Any CPU.ActiveCfg = Debug|Any CPU
		{AD1862F4-7152-4EC0-916C-8BC65BE4E918}.Debug|Any CPU.Build.0 = Debug|Any CPU
		{AD1862F4-7152-4EC0-916C-8BC65BE4E918}.Release|Any CPU.ActiveCfg = Release|Any CPU
		{AD1862F4-7152-4EC0-916C-8BC65BE4E918}.Release|Any CPU.Build.0 = Release|Any CPU
	EndGlobalSection
	GlobalSection(SolutionProperties) = preSolution
		HideSolutionNode = FALSE
	EndGlobalSection
	GlobalSection(ExtensibilityGlobals) = postSolution
		SolutionGuid = {65A1C959-F831-424D-B9D4-2D656C924081}
	EndGlobalSection
EndGlobal
