
Microsoft Visual Studio Solution File, Format Version 12.00
# Visual Studio Version 17
VisualStudioVersion = 17.7.34018.315
MinimumVisualStudioVersion = 10.0.40219.1
Project("{FAE04EC0-301F-11D3-BF4B-00C04F79EFBC}") = "Cunnylator2", "Cunnylator2\Cunnylator2.csproj", "{F13FF5CF-5AD6-401F-B927-1A0DF2F12461}"
EndProject
Global
	GlobalSection(SolutionConfigurationPlatforms) = preSolution
		Debug|Any CPU = Debug|Any CPU
		Release|Any CPU = Release|Any CPU
	EndGlobalSection
	GlobalSection(ProjectConfigurationPlatforms) = postSolution
		{F13FF5CF-5AD6-401F-B927-1A0DF2F12461}.Debug|Any CPU.ActiveCfg = Debug|Any CPU
		{F13FF5CF-5AD6-401F-B927-1A0DF2F12461}.Debug|Any CPU.Build.0 = Debug|Any CPU
		{F13FF5CF-5AD6-401F-B927-1A0DF2F12461}.Release|Any CPU.ActiveCfg = Release|Any CPU
		{F13FF5CF-5AD6-401F-B927-1A0DF2F12461}.Release|Any CPU.Build.0 = Release|Any CPU
	EndGlobalSection
	GlobalSection(SolutionProperties) = preSolution
		HideSolutionNode = FALSE
	EndGlobalSection
	GlobalSection(ExtensibilityGlobals) = postSolution
		SolutionGuid = {8EF8CE5E-36D9-4FF6-BD79-384D18CB51E2}
	EndGlobalSection
EndGlobal
